
Microsoft Visual Studio Solution File, Format Version 12.00
# Visual Studio Version 17
VisualStudioVersion = 17.3.32819.101
MinimumVisualStudioVersion = 10.0.40219.1
Project("{FAE04EC0-301F-11D3-BF4B-00C04F79EFBC}") = "03.10.22-84,38", "03.10.22-84,38\03.10.22-84,38.csproj", "{B3D8AC83-3BE2-4F30-9E75-197E1484F697}"
EndProject
Global
	GlobalSection(SolutionConfigurationPlatforms) = preSolution
		Debug|Any CPU = Debug|Any CPU
		Release|Any CPU = Release|Any CPU
	EndGlobalSection
	GlobalSection(ProjectConfigurationPlatforms) = postSolution
		{B3D8AC83-3BE2-4F30-9E75-197E1484F697}.Debug|Any CPU.ActiveCfg = Debug|Any CPU
		{B3D8AC83-3BE2-4F30-9E75-197E1484F697}.Debug|Any CPU.Build.0 = Debug|Any CPU
		{B3D8AC83-3BE2-4F30-9E75-197E1484F697}.Release|Any CPU.ActiveCfg = Release|Any CPU
		{B3D8AC83-3BE2-4F30-9E75-197E1484F697}.Release|Any CPU.Build.0 = Release|Any CPU
	EndGlobalSection
	GlobalSection(SolutionProperties) = preSolution
		HideSolutionNode = FALSE
	EndGlobalSection
	GlobalSection(ExtensibilityGlobals) = postSolution
		SolutionGuid = {A56DCE6D-489D-4944-84F2-28D64DA893EC}
	EndGlobalSection
EndGlobal
